
Microsoft Visual Studio Solution File, Format Version 12.00
# Visual Studio 15
VisualStudioVersion = 15.0.27703.2042
MinimumVisualStudioVersion = 10.0.40219.1
Project("{FAE04EC0-301F-11D3-BF4B-00C04F79EFBC}") = "proect", "proect\proect.csproj", "{09D9D36E-7DF8-41CF-B903-3E5982D3E1FB}"
EndProject
Global
	GlobalSection(SolutionConfigurationPlatforms) = preSolution
		Debug|Any CPU = Debug|Any CPU
		Release|Any CPU = Release|Any CPU
	EndGlobalSection
	GlobalSection(ProjectConfigurationPlatforms) = postSolution
		{09D9D36E-7DF8-41CF-B903-3E5982D3E1FB}.Debug|Any CPU.ActiveCfg = Debug|Any CPU
		{09D9D36E-7DF8-41CF-B903-3E5982D3E1FB}.Debug|Any CPU.Build.0 = Debug|Any CPU
		{09D9D36E-7DF8-41CF-B903-3E5982D3E1FB}.Release|Any CPU.ActiveCfg = Release|Any CPU
		{09D9D36E-7DF8-41CF-B903-3E5982D3E1FB}.Release|Any CPU.Build.0 = Release|Any CPU
	EndGlobalSection
	GlobalSection(SolutionProperties) = preSolution
		HideSolutionNode = FALSE
	EndGlobalSection
	GlobalSection(ExtensibilityGlobals) = postSolution
		SolutionGuid = {B83FED7B-0979-4B81-A5D0-C01CC6DA435B}
	EndGlobalSection
EndGlobal
